
Microsoft Visual Studio Solution File, Format Version 12.00
# Visual Studio Version 16
VisualStudioVersion = 16.0.33027.164
MinimumVisualStudioVersion = 10.0.40219.1
Project("{FAE04EC0-301F-11D3-BF4B-00C04F79EFBC}") = "FactoryDesignPattern", "FactoryDesignPattern\FactoryDesignPattern.csproj", "{8C88C190-62BF-4AAF-8EC0-D3F027543488}"
EndProject
Global
	GlobalSection(SolutionConfigurationPlatforms) = preSolution
		Debug|Any CPU = Debug|Any CPU
		Release|Any CPU = Release|Any CPU
	EndGlobalSection
	GlobalSection(ProjectConfigurationPlatforms) = postSolution
		{8C88C190-62BF-4AAF-8EC0-D3F027543488}.Debug|Any CPU.ActiveCfg = Debug|Any CPU
		{8C88C190-62BF-4AAF-8EC0-D3F027543488}.Debug|Any CPU.Build.0 = Debug|Any CPU
		{8C88C190-62BF-4AAF-8EC0-D3F027543488}.Release|Any CPU.ActiveCfg = Release|Any CPU
		{8C88C190-62BF-4AAF-8EC0-D3F027543488}.Release|Any CPU.Build.0 = Release|Any CPU
	EndGlobalSection
	GlobalSection(SolutionProperties) = preSolution
		HideSolutionNode = FALSE
	EndGlobalSection
	GlobalSection(ExtensibilityGlobals) = postSolution
		SolutionGuid = {5A7BFA1B-602C-4AAE-A804-70DAB4FDC4F7}
	EndGlobalSection
EndGlobal
